
Microsoft Visual Studio Solution File, Format Version 12.00
# Visual Studio Version 17
VisualStudioVersion = 17.6.33815.320
MinimumVisualStudioVersion = 10.0.40219.1
Project("{9A19103F-16F7-4668-BE54-9A1E7A4F7556}") = "Compiler", "Compiler.csproj", "{BE127E51-7883-4AFE-8F0E-04449D811193}"
EndProject
Project("{FAE04EC0-301F-11D3-BF4B-00C04F79EFBC}") = "VM", "..\VM\VM.csproj", "{C643BF4A-DE61-461D-89DE-50AB0D4A9305}"
EndProject
Global
	GlobalSection(SolutionConfigurationPlatforms) = preSolution
		Debug|Any CPU = Debug|Any CPU
		Release|Any CPU = Release|Any CPU
	EndGlobalSection
	GlobalSection(ProjectConfigurationPlatforms) = postSolution
		{BE127E51-7883-4AFE-8F0E-04449D811193}.Debug|Any CPU.ActiveCfg = Debug|Any CPU
		{BE127E51-7883-4AFE-8F0E-04449D811193}.Debug|Any CPU.Build.0 = Debug|Any CPU
		{BE127E51-7883-4AFE-8F0E-04449D811193}.Release|Any CPU.ActiveCfg = Release|Any CPU
		{BE127E51-7883-4AFE-8F0E-04449D811193}.Release|Any CPU.Build.0 = Release|Any CPU
		{C643BF4A-DE61-461D-89DE-50AB0D4A9305}.Debug|Any CPU.ActiveCfg = Debug|Any CPU
		{C643BF4A-DE61-461D-89DE-50AB0D4A9305}.Debug|Any CPU.Build.0 = Debug|Any CPU
		{C643BF4A-DE61-461D-89DE-50AB0D4A9305}.Release|Any CPU.ActiveCfg = Release|Any CPU
		{C643BF4A-DE61-461D-89DE-50AB0D4A9305}.Release|Any CPU.Build.0 = Release|Any CPU
	EndGlobalSection
	GlobalSection(SolutionProperties) = preSolution
		HideSolutionNode = FALSE
	EndGlobalSection
	GlobalSection(ExtensibilityGlobals) = postSolution
		SolutionGuid = {2111ADCC-865D-4F6C-8DD8-58389A150EEB}
	EndGlobalSection
EndGlobal
